
Microsoft Visual Studio Solution File, Format Version 12.00
# Visual Studio Version 17
VisualStudioVersion = 17.4.33205.214
MinimumVisualStudioVersion = 10.0.40219.1
Project("{FAE04EC0-301F-11D3-BF4B-00C04F79EFBC}") = "Task 15.Subtask.1", "Task 15.Subtask.1\Task 15.Subtask.1.csproj", "{00751B3C-E447-4A97-87D1-AD1CF49854EA}"
EndProject
Global
	GlobalSection(SolutionConfigurationPlatforms) = preSolution
		Debug|Any CPU = Debug|Any CPU
		Release|Any CPU = Release|Any CPU
	EndGlobalSection
	GlobalSection(ProjectConfigurationPlatforms) = postSolution
		{00751B3C-E447-4A97-87D1-AD1CF49854EA}.Debug|Any CPU.ActiveCfg = Debug|Any CPU
		{00751B3C-E447-4A97-87D1-AD1CF49854EA}.Debug|Any CPU.Build.0 = Debug|Any CPU
		{00751B3C-E447-4A97-87D1-AD1CF49854EA}.Release|Any CPU.ActiveCfg = Release|Any CPU
		{00751B3C-E447-4A97-87D1-AD1CF49854EA}.Release|Any CPU.Build.0 = Release|Any CPU
	EndGlobalSection
	GlobalSection(SolutionProperties) = preSolution
		HideSolutionNode = FALSE
	EndGlobalSection
	GlobalSection(ExtensibilityGlobals) = postSolution
		SolutionGuid = {0A1880BB-786E-4031-A257-A38AB70ABEFE}
	EndGlobalSection
EndGlobal
